
Microsoft Visual Studio Solution File, Format Version 12.00
# Visual Studio Version 16
VisualStudioVersion = 16.0.30320.27
MinimumVisualStudioVersion = 10.0.40219.1
Project("{9A19103F-16F7-4668-BE54-9A1E7A4F7556}") = "Hangman", "Hangman\Hangman.csproj", "{14064ADA-F72B-4DF0-BD93-4DF1F7BD1098}"
EndProject
Project("{FAE04EC0-301F-11D3-BF4B-00C04F79EFBC}") = "Hangman.Tests", "Hangman.Tests\Hangman.Tests.csproj", "{8F563FD6-1BCD-4653-B308-73D30C5DF3B1}"
EndProject
Global
	GlobalSection(SolutionConfigurationPlatforms) = preSolution
		Debug|Any CPU = Debug|Any CPU
		Release|Any CPU = Release|Any CPU
	EndGlobalSection
	GlobalSection(ProjectConfigurationPlatforms) = postSolution
		{14064ADA-F72B-4DF0-BD93-4DF1F7BD1098}.Debug|Any CPU.ActiveCfg = Debug|Any CPU
		{14064ADA-F72B-4DF0-BD93-4DF1F7BD1098}.Debug|Any CPU.Build.0 = Debug|Any CPU
		{14064ADA-F72B-4DF0-BD93-4DF1F7BD1098}.Release|Any CPU.ActiveCfg = Release|Any CPU
		{14064ADA-F72B-4DF0-BD93-4DF1F7BD1098}.Release|Any CPU.Build.0 = Release|Any CPU
		{8F563FD6-1BCD-4653-B308-73D30C5DF3B1}.Debug|Any CPU.ActiveCfg = Debug|Any CPU
		{8F563FD6-1BCD-4653-B308-73D30C5DF3B1}.Debug|Any CPU.Build.0 = Debug|Any CPU
		{8F563FD6-1BCD-4653-B308-73D30C5DF3B1}.Release|Any CPU.ActiveCfg = Release|Any CPU
		{8F563FD6-1BCD-4653-B308-73D30C5DF3B1}.Release|Any CPU.Build.0 = Release|Any CPU
	EndGlobalSection
	GlobalSection(SolutionProperties) = preSolution
		HideSolutionNode = FALSE
	EndGlobalSection
	GlobalSection(ExtensibilityGlobals) = postSolution
		SolutionGuid = {5BD0ECE8-110C-4796-B09B-F7AF77A6129C}
	EndGlobalSection
EndGlobal
